// !$*UTF8*$!
{
	archiveVersion = 1;
	classes = {
	};
	objectVersion = 48;
	objects = {

/* Begin PBXBuildFile section */
		27332BAD1FD749A700D9E46D /* AppDelegate.swift in Sources */ = {isa = PBXBuildFile; fileRef = 27332BAC1FD749A700D9E46D /* AppDelegate.swift */; };
		27332BAF1FD749A700D9E46D /* TitleViewController.swift in Sources */ = {isa = PBXBuildFile; fileRef = 27332BAE1FD749A700D9E46D /* TitleViewController.swift */; };
		27332BB41FD749A700D9E46D /* Assets.xcassets in Resources */ = {isa = PBXBuildFile; fileRef = 27332BB31FD749A700D9E46D /* Assets.xcassets */; };
		276260FB1FD7B0F400EFB16F /* CARadialGradientLayer.swift in Sources */ = {isa = PBXBuildFile; fileRef = 276260FA1FD7B0F400EFB16F /* CARadialGradientLayer.swift */; };
		276260FD1FD86ECD00EFB16F /* TitleView.swift in Sources */ = {isa = PBXBuildFile; fileRef = 276260FC1FD86ECD00EFB16F /* TitleView.swift */; };
		276260FF1FD888D600EFB16F /* NextWordView.swift in Sources */ = {isa = PBXBuildFile; fileRef = 276260FE1FD888D600EFB16F /* NextWordView.swift */; };
		276261041FD88A9C00EFB16F /* NextWordViewController.swift in Sources */ = {isa = PBXBuildFile; fileRef = 276261031FD88A9C00EFB16F /* NextWordViewController.swift */; };
		276261071FD8AE7600EFB16F /* GyroManager.swift in Sources */ = {isa = PBXBuildFile; fileRef = 276261061FD8AE7600EFB16F /* GyroManager.swift */; };
		276261091FD8BFF500EFB16F /* Design.swift in Sources */ = {isa = PBXBuildFile; fileRef = 276261081FD8BFF500EFB16F /* Design.swift */; };
		2762610B1FD8C96B00EFB16F /* DrawViewController.swift in Sources */ = {isa = PBXBuildFile; fileRef = 2762610A1FD8C96B00EFB16F /* DrawViewController.swift */; };
		2762610E1FD8C9DB00EFB16F /* DrawView.swift in Sources */ = {isa = PBXBuildFile; fileRef = 2762610D1FD8C9DB00EFB16F /* DrawView.swift */; };
		276261101FD8CE1800EFB16F /* LabelBox.swift in Sources */ = {isa = PBXBuildFile; fileRef = 2762610F1FD8CE1800EFB16F /* LabelBox.swift */; };
		276261121FD8F78300EFB16F /* categories.txt in Resources */ = {isa = PBXBuildFile; fileRef = 276261111FD8F78300EFB16F /* categories.txt */; };
		276261151FD9039A00EFB16F /* RandomForest.mlmodel in Sources */ = {isa = PBXBuildFile; fileRef = 276261131FD9039900EFB16F /* RandomForest.mlmodel */; };
		276261161FD9039A00EFB16F /* CNN.mlmodel in Sources */ = {isa = PBXBuildFile; fileRef = 276261141FD9039A00EFB16F /* CNN.mlmodel */; };
		276261191FD903FB00EFB16F /* ImageTools.swift in Sources */ = {isa = PBXBuildFile; fileRef = 276261181FD903FB00EFB16F /* ImageTools.swift */; };
		2762611B1FD9044900EFB16F /* Classifier.swift in Sources */ = {isa = PBXBuildFile; fileRef = 2762611A1FD9044900EFB16F /* Classifier.swift */; };
		2762611D1FD91CEF00EFB16F /* CNNClassifier.swift in Sources */ = {isa = PBXBuildFile; fileRef = 2762611C1FD91CEF00EFB16F /* CNNClassifier.swift */; };
		2762611F1FD91D7800EFB16F /* GameManager.swift in Sources */ = {isa = PBXBuildFile; fileRef = 2762611E1FD91D7800EFB16F /* GameManager.swift */; };
		278C4BB11FD78AEE00F57FD4 /* RoundButton.swift in Sources */ = {isa = PBXBuildFile; fileRef = 278C4BB01FD78AEE00F57FD4 /* RoundButton.swift */; };
		9D0300AD743D5B8A5F34E283 /* Pods_Pictionary.framework in Frameworks */ = {isa = PBXBuildFile; fileRef = C6A9FC1D0722CD6DAAC1E90E /* Pods_Pictionary.framework */; };
/* End PBXBuildFile section */

/* Begin PBXFileReference section */
		27332BA91FD749A700D9E46D /* Pictionary.app */ = {isa = PBXFileReference; explicitFileType = wrapper.application; includeInIndex = 0; path = Pictionary.app; sourceTree = BUILT_PRODUCTS_DIR; };
		27332BAC1FD749A700D9E46D /* AppDelegate.swift */ = {isa = PBXFileReference; lastKnownFileType = sourcecode.swift; path = AppDelegate.swift; sourceTree = "<group>"; };
		27332BAE1FD749A700D9E46D /* TitleViewController.swift */ = {isa = PBXFileReference; lastKnownFileType = sourcecode.swift; path = TitleViewController.swift; sourceTree = "<group>"; };
		27332BB31FD749A700D9E46D /* Assets.xcassets */ = {isa = PBXFileReference; lastKnownFileType = folder.assetcatalog; path = Assets.xcassets; sourceTree = "<group>"; };
		27332BB81FD749A700D9E46D /* Info.plist */ = {isa = PBXFileReference; lastKnownFileType = text.plist.xml; path = Info.plist; sourceTree = "<group>"; };
		276260FA1FD7B0F400EFB16F /* CARadialGradientLayer.swift */ = {isa = PBXFileReference; lastKnownFileType = sourcecode.swift; path = CARadialGradientLayer.swift; sourceTree = "<group>"; };
		276260FC1FD86ECD00EFB16F /* TitleView.swift */ = {isa = PBXFileReference; lastKnownFileType = sourcecode.swift; path = TitleView.swift; sourceTree = "<group>"; };
		276260FE1FD888D600EFB16F /* NextWordView.swift */ = {isa = PBXFileReference; lastKnownFileType = sourcecode.swift; path = NextWordView.swift; sourceTree = "<group>"; };
		276261031FD88A9C00EFB16F /* NextWordViewController.swift */ = {isa = PBXFileReference; lastKnownFileType = sourcecode.swift; path = NextWordViewController.swift; sourceTree = "<group>"; };
		276261061FD8AE7600EFB16F /* GyroManager.swift */ = {isa = PBXFileReference; lastKnownFileType = sourcecode.swift; path = GyroManager.swift; sourceTree = "<group>"; };
		276261081FD8BFF500EFB16F /* Design.swift */ = {isa = PBXFileReference; lastKnownFileType = sourcecode.swift; path = Design.swift; sourceTree = "<group>"; };
		2762610A1FD8C96B00EFB16F /* DrawViewController.swift */ = {isa = PBXFileReference; lastKnownFileType = sourcecode.swift; path = DrawViewController.swift; sourceTree = "<group>"; };
		2762610D1FD8C9DB00EFB16F /* DrawView.swift */ = {isa = PBXFileReference; lastKnownFileType = sourcecode.swift; path = DrawView.swift; sourceTree = "<group>"; };
		2762610F1FD8CE1800EFB16F /* LabelBox.swift */ = {isa = PBXFileReference; lastKnownFileType = sourcecode.swift; path = LabelBox.swift; sourceTree = "<group>"; };
		276261111FD8F78300EFB16F /* categories.txt */ = {isa = PBXFileReference; lastKnownFileType = text; path = categories.txt; sourceTree = "<group>"; };
		276261131FD9039900EFB16F /* RandomForest.mlmodel */ = {isa = PBXFileReference; lastKnownFileType = file.mlmodel; name = RandomForest.mlmodel; path = models/RandomForest.mlmodel; sourceTree = "<group>"; };
		276261141FD9039A00EFB16F /* CNN.mlmodel */ = {isa = PBXFileReference; lastKnownFileType = file.mlmodel; name = CNN.mlmodel; path = models/CNN.mlmodel; sourceTree = "<group>"; };
		276261181FD903FB00EFB16F /* ImageTools.swift */ = {isa = PBXFileReference; lastKnownFileType = sourcecode.swift; path = ImageTools.swift; sourceTree = "<group>"; };
		2762611A1FD9044900EFB16F /* Classifier.swift */ = {isa = PBXFileReference; lastKnownFileType = sourcecode.swift; path = Classifier.swift; sourceTree = "<group>"; };
		2762611C1FD91CEF00EFB16F /* CNNClassifier.swift */ = {isa = PBXFileReference; lastKnownFileType = sourcecode.swift; path = CNNClassifier.swift; sourceTree = "<group>"; };
		2762611E1FD91D7800EFB16F /* GameManager.swift */ = {isa = PBXFileReference; lastKnownFileType = sourcecode.swift; path = GameManager.swift; sourceTree = "<group>"; };
		278C4BB01FD78AEE00F57FD4 /* RoundButton.swift */ = {isa = PBXFileReference; lastKnownFileType = sourcecode.swift; path = RoundButton.swift; sourceTree = "<group>"; };
		A60BE99F2BFBDC6233540D85 /* Pods-Pictionary.debug.xcconfig */ = {isa = PBXFileReference; includeInIndex = 1; lastKnownFileType = text.xcconfig; name = "Pods-Pictionary.debug.xcconfig"; path = "Pods/Target Support Files/Pods-Pictionary/Pods-Pictionary.debug.xcconfig"; sourceTree = "<group>"; };
		A6D706F07E4CAB3E90B7098A /* Pods-Pictionary.release.xcconfig */ = {isa = PBXFileReference; includeInIndex = 1; lastKnownFileType = text.xcconfig; name = "Pods-Pictionary.release.xcconfig"; path = "Pods/Target Support Files/Pods-Pictionary/Pods-Pictionary.release.xcconfig"; sourceTree = "<group>"; };
		C6A9FC1D0722CD6DAAC1E90E /* Pods_Pictionary.framework */ = {isa = PBXFileReference; explicitFileType = wrapper.framework; includeInIndex = 0; path = Pods_Pictionary.framework; sourceTree = BUILT_PRODUCTS_DIR; };
/* End PBXFileReference section */

/* Begin PBXFrameworksBuildPhase section */
		27332BA61FD749A700D9E46D /* Frameworks */ = {
			isa = PBXFrameworksBuildPhase;
			buildActionMask = 2147483647;
			files = (
				9D0300AD743D5B8A5F34E283 /* Pods_Pictionary.framework in Frameworks */,
			);
			runOnlyForDeploymentPostprocessing = 0;
		};
/* End PBXFrameworksBuildPhase section */

/* Begin PBXGroup section */
		0E4E46753A0AEC790CC1CE67 /* Frameworks */ = {
			isa = PBXGroup;
			children = (
				C6A9FC1D0722CD6DAAC1E90E /* Pods_Pictionary.framework */,
			);
			name = Frameworks;
			sourceTree = "<group>";
		};
		27332BA01FD749A700D9E46D = {
			isa = PBXGroup;
			children = (
				276261141FD9039A00EFB16F /* CNN.mlmodel */,
				276261131FD9039900EFB16F /* RandomForest.mlmodel */,
				276261111FD8F78300EFB16F /* categories.txt */,
				27332BAB1FD749A700D9E46D /* Pictionary */,
				27332BAA1FD749A700D9E46D /* Products */,
				85C89AAEA91C0BAB48EF8262 /* Pods */,
				0E4E46753A0AEC790CC1CE67 /* Frameworks */,
			);
			sourceTree = "<group>";
		};
		27332BAA1FD749A700D9E46D /* Products */ = {
			isa = PBXGroup;
			children = (
				27332BA91FD749A700D9E46D /* Pictionary.app */,
			);
			name = Products;
			sourceTree = "<group>";
		};
		27332BAB1FD749A700D9E46D /* Pictionary */ = {
			isa = PBXGroup;
			children = (
				27332BAC1FD749A700D9E46D /* AppDelegate.swift */,
				276261081FD8BFF500EFB16F /* Design.swift */,
				276261001FD8890200EFB16F /* Title */,
				276261011FD8890C00EFB16F /* Next Word */,
				2762610C1FD8C97100EFB16F /* Draw */,
				276261021FD8891300EFB16F /* Components */,
				276261051FD8AE5900EFB16F /* Utilities */,
				276261171FD903DB00EFB16F /* Classifier */,
				27332BB31FD749A700D9E46D /* Assets.xcassets */,
				27332BB81FD749A700D9E46D /* Info.plist */,
			);
			path = Pictionary;
			sourceTree = "<group>";
		};
		276261001FD8890200EFB16F /* Title */ = {
			isa = PBXGroup;
			children = (
				27332BAE1FD749A700D9E46D /* TitleViewController.swift */,
				276260FC1FD86ECD00EFB16F /* TitleView.swift */,
			);
			path = Title;
			sourceTree = "<group>";
		};
		276261011FD8890C00EFB16F /* Next Word */ = {
			isa = PBXGroup;
			children = (
				276261031FD88A9C00EFB16F /* NextWordViewController.swift */,
				276260FE1FD888D600EFB16F /* NextWordView.swift */,
			);
			path = "Next Word";
			sourceTree = "<group>";
		};
		276261021FD8891300EFB16F /* Components */ = {
			isa = PBXGroup;
			children = (
				276260FA1FD7B0F400EFB16F /* CARadialGradientLayer.swift */,
				278C4BB01FD78AEE00F57FD4 /* RoundButton.swift */,
				2762610F1FD8CE1800EFB16F /* LabelBox.swift */,
			);
			path = Components;
			sourceTree = "<group>";
		};
		276261051FD8AE5900EFB16F /* Utilities */ = {
			isa = PBXGroup;
			children = (
				276261061FD8AE7600EFB16F /* GyroManager.swift */,
				276261181FD903FB00EFB16F /* ImageTools.swift */,
				2762611E1FD91D7800EFB16F /* GameManager.swift */,
			);
			path = Utilities;
			sourceTree = "<group>";
		};
		2762610C1FD8C97100EFB16F /* Draw */ = {
			isa = PBXGroup;
			children = (
				2762610A1FD8C96B00EFB16F /* DrawViewController.swift */,
				2762610D1FD8C9DB00EFB16F /* DrawView.swift */,
			);
			path = Draw;
			sourceTree = "<group>";
		};
		276261171FD903DB00EFB16F /* Classifier */ = {
			isa = PBXGroup;
			children = (
				2762611A1FD9044900EFB16F /* Classifier.swift */,
				2762611C1FD91CEF00EFB16F /* CNNClassifier.swift */,
			);
			path = Classifier;
			sourceTree = "<group>";
		};
		85C89AAEA91C0BAB48EF8262 /* Pods */ = {
			isa = PBXGroup;
			children = (
				A60BE99F2BFBDC6233540D85 /* Pods-Pictionary.debug.xcconfig */,
				A6D706F07E4CAB3E90B7098A /* Pods-Pictionary.release.xcconfig */,
			);
			name = Pods;
			sourceTree = "<group>";
		};
/* End PBXGroup section */

/* Begin PBXNativeTarget section */
		27332BA81FD749A700D9E46D /* Pictionary */ = {
			isa = PBXNativeTarget;
			buildConfigurationList = 27332BBB1FD749A700D9E46D /* Build configuration list for PBXNativeTarget "Pictionary" */;
			buildPhases = (
				0B3A329A1ABB5F55C4E07E90 /* [CP] Check Pods Manifest.lock */,
				27332BA51FD749A700D9E46D /* Sources */,
				27332BA61FD749A700D9E46D /* Frameworks */,
				27332BA71FD749A700D9E46D /* Resources */,
				2D8A32DC9A82E4909912F1D8 /* [CP] Embed Pods Frameworks */,
				546D6C4943B2AD461C3999C2 /* [CP] Copy Pods Resources */,
			);
			buildRules = (
			);
			dependencies = (
			);
			name = Pictionary;
			productName = Pictionary;
			productReference = 27332BA91FD749A700D9E46D /* Pictionary.app */;
			productType = "com.apple.product-type.application";
		};
/* End PBXNativeTarget section */

/* Begin PBXProject section */
		27332BA11FD749A700D9E46D /* Project object */ = {
			isa = PBXProject;
			attributes = {
				LastSwiftUpdateCheck = 0910;
				LastUpgradeCheck = 0910;
				ORGANIZATIONNAME = "Paul Herz";
				TargetAttributes = {
					27332BA81FD749A700D9E46D = {
						CreatedOnToolsVersion = 9.1;
						ProvisioningStyle = Automatic;
					};
				};
			};
			buildConfigurationList = 27332BA41FD749A700D9E46D /* Build configuration list for PBXProject "Pictionary" */;
			compatibilityVersion = "Xcode 8.0";
			developmentRegion = en;
			hasScannedForEncodings = 0;
			knownRegions = (
				en,
				Base,
			);
			mainGroup = 27332BA01FD749A700D9E46D;
			productRefGroup = 27332BAA1FD749A700D9E46D /* Products */;
			projectDirPath = "";
			projectRoot = "";
			targets = (
				27332BA81FD749A700D9E46D /* Pictionary */,
			);
		};
/* End PBXProject section */

/* Begin PBXResourcesBuildPhase section */
		27332BA71FD749A700D9E46D /* Resources */ = {
			isa = PBXResourcesBuildPhase;
			buildActionMask = 2147483647;
			files = (
				276261121FD8F78300EFB16F /* categories.txt in Resources */,
				27332BB41FD749A700D9E46D /* Assets.xcassets in Resources */,
			);
			runOnlyForDeploymentPostprocessing = 0;
		};
/* End PBXResourcesBuildPhase section */

/* Begin PBXShellScriptBuildPhase section */
		0B3A329A1ABB5F55C4E07E90 /* [CP] Check Pods Manifest.lock */ = {
			isa = PBXShellScriptBuildPhase;
			buildActionMask = 2147483647;
			files = (
			);
			inputPaths = (
				"${PODS_PODFILE_DIR_PATH}/Podfile.lock",
				"${PODS_ROOT}/Manifest.lock",
			);
			name = "[CP] Check Pods Manifest.lock";
			outputPaths = (
				"$(DERIVED_FILE_DIR)/Pods-Pictionary-checkManifestLockResult.txt",
			);
			runOnlyForDeploymentPostprocessing = 0;
			shellPath = /bin/sh;
			shellScript = "diff \"${PODS_PODFILE_DIR_PATH}/Podfile.lock\" \"${PODS_ROOT}/Manifest.lock\" > /dev/null\nif [ $? != 0 ] ; then\n    # print error to STDERR\n    echo \"error: The sandbox is not in sync with the Podfile.lock. Run 'pod install' or update your CocoaPods installation.\" >&2\n    exit 1\nfi\n# This output is used by Xcode 'outputs' to avoid re-running this script phase.\necho \"SUCCESS\" > \"${SCRIPT_OUTPUT_FILE_0}\"\n";
			showEnvVarsInLog = 0;
		};
		2D8A32DC9A82E4909912F1D8 /* [CP] Embed Pods Frameworks */ = {
			isa = PBXShellScriptBuildPhase;
			buildActionMask = 2147483647;
			files = (
			);
			inputPaths = (
				"${SRCROOT}/Pods/Target Support Files/Pods-Pictionary/Pods-Pictionary-frameworks.sh",
				"${BUILT_PRODUCTS_DIR}/TouchDraw/TouchDraw.framework",
			);
			name = "[CP] Embed Pods Frameworks";
			outputPaths = (
				"${TARGET_BUILD_DIR}/${FRAMEWORKS_FOLDER_PATH}/TouchDraw.framework",
			);
			runOnlyForDeploymentPostprocessing = 0;
			shellPath = /bin/sh;
			shellScript = "\"${SRCROOT}/Pods/Target Support Files/Pods-Pictionary/Pods-Pictionary-frameworks.sh\"\n";
			showEnvVarsInLog = 0;
		};
		546D6C4943B2AD461C3999C2 /* [CP] Copy Pods Resources */ = {
			isa = PBXShellScriptBuildPhase;
			buildActionMask = 2147483647;
			files = (
			);
			inputPaths = (
			);
			name = "[CP] Copy Pods Resources";
			outputPaths = (
			);
			runOnlyForDeploymentPostprocessing = 0;
			shellPath = /bin/sh;
			shellScript = "\"${SRCROOT}/Pods/Target Support Files/Pods-Pictionary/Pods-Pictionary-resources.sh\"\n";
			showEnvVarsInLog = 0;
		};
/* End PBXShellScriptBuildPhase section */

/* Begin PBXSourcesBuildPhase section */
		27332BA51FD749A700D9E46D /* Sources */ = {
			isa = PBXSourcesBuildPhase;
			buildActionMask = 2147483647;
			files = (
				2762611B1FD9044900EFB16F /* Classifier.swift in Sources */,
				2762611F1FD91D7800EFB16F /* GameManager.swift in Sources */,
				276261071FD8AE7600EFB16F /* GyroManager.swift in Sources */,
				276261091FD8BFF500EFB16F /* Design.swift in Sources */,
				2762610E1FD8C9DB00EFB16F /* DrawView.swift in Sources */,
				2762610B1FD8C96B00EFB16F /* DrawViewController.swift in Sources */,
				278C4BB11FD78AEE00F57FD4 /* RoundButton.swift in Sources */,
				276260FF1FD888D600EFB16F /* NextWordView.swift in Sources */,
				276261161FD9039A00EFB16F /* CNN.mlmodel in Sources */,
				276261191FD903FB00EFB16F /* ImageTools.swift in Sources */,
				27332BAF1FD749A700D9E46D /* TitleViewController.swift in Sources */,
				276260FB1FD7B0F400EFB16F /* CARadialGradientLayer.swift in Sources */,
				27332BAD1FD749A700D9E46D /* AppDelegate.swift in Sources */,
				276260FD1FD86ECD00EFB16F /* TitleView.swift in Sources */,
				2762611D1FD91CEF00EFB16F /* CNNClassifier.swift in Sources */,
				276261101FD8CE1800EFB16F /* LabelBox.swift in Sources */,
				276261151FD9039A00EFB16F /* RandomForest.mlmodel in Sources */,
				276261041FD88A9C00EFB16F /* NextWordViewController.swift in Sources */,
			);
			runOnlyForDeploymentPostprocessing = 0;
		};
/* End PBXSourcesBuildPhase section */

/* Begin XCBuildConfiguration section */
		27332BB91FD749A700D9E46D /* Debug */ = {
			isa = XCBuildConfiguration;
			buildSettings = {
				ALWAYS_SEARCH_USER_PATHS = NO;
				CLANG_ANALYZER_NONNULL = YES;
				CLANG_ANALYZER_NUMBER_OBJECT_CONVERSION = YES_AGGRESSIVE;
				CLANG_CXX_LANGUAGE_STANDARD = "gnu++14";
				CLANG_CXX_LIBRARY = "libc++";
				CLANG_ENABLE_MODULES = YES;
				CLANG_ENABLE_OBJC_ARC = YES;
				CLANG_WARN_BLOCK_CAPTURE_AUTORELEASING = YES;
				CLANG_WARN_BOOL_CONVERSION = YES;
				CLANG_WARN_COMMA = YES;
				CLANG_WARN_CONSTANT_CONVERSION = YES;
				CLANG_WARN_DIRECT_OBJC_ISA_USAGE = YES_ERROR;
				CLANG_WARN_DOCUMENTATION_COMMENTS = YES;
				CLANG_WARN_EMPTY_BODY = YES;
				CLANG_WARN_ENUM_CONVERSION = YES;
				CLANG_WARN_INFINITE_RECURSION = YES;
				CLANG_WARN_INT_CONVERSION = YES;
				CLANG_WARN_NON_LITERAL_NULL_CONVERSION = YES;
				CLANG_WARN_OBJC_LITERAL_CONVERSION = YES;
				CLANG_WARN_OBJC_ROOT_CLASS = YES_ERROR;
				CLANG_WARN_RANGE_LOOP_ANALYSIS = YES;
				CLANG_WARN_STRICT_PROTOTYPES = YES;
				CLANG_WARN_SUSPICIOUS_MOVE = YES;
				CLANG_WARN_UNGUARDED_AVAILABILITY = YES_AGGRESSIVE;
				CLANG_WARN_UNREACHABLE_CODE = YES;
				CLANG_WARN__DUPLICATE_METHOD_MATCH = YES;
				CODE_SIGN_IDENTITY = "iPhone Developer";
				COPY_PHASE_STRIP = NO;
				DEBUG_INFORMATION_FORMAT = dwarf;
				ENABLE_STRICT_OBJC_MSGSEND = YES;
				ENABLE_TESTABILITY = YES;
				GCC_C_LANGUAGE_STANDARD = gnu11;
				GCC_DYNAMIC_NO_PIC = NO;
				GCC_NO_COMMON_BLOCKS = YES;
				GCC_OPTIMIZATION_LEVEL = 0;
				GCC_PREPROCESSOR_DEFINITIONS = (
					"DEBUG=1",
					"$(inherited)",
				);
				GCC_WARN_64_TO_32_BIT_CONVERSION = YES;
				GCC_WARN_ABOUT_RETURN_TYPE = YES_ERROR;
				GCC_WARN_UNDECLARED_SELECTOR = YES;
				GCC_WARN_UNINITIALIZED_AUTOS = YES_AGGRESSIVE;
				GCC_WARN_UNUSED_FUNCTION = YES;
				GCC_WARN_UNUSED_VARIABLE = YES;
				IPHONEOS_DEPLOYMENT_TARGET = 11.1;
				MTL_ENABLE_DEBUG_INFO = YES;
				ONLY_ACTIVE_ARCH = YES;
				SDKROOT = iphoneos;
				SWIFT_ACTIVE_COMPILATION_CONDITIONS = DEBUG;
				SWIFT_OPTIMIZATION_LEVEL = "-Onone";
			};
			name = Debug;
		};
		27332BBA1FD749A700D9E46D /* Release */ = {
			isa = XCBuildConfiguration;
			buildSettings = {
				ALWAYS_SEARCH_USER_PATHS = NO;
				CLANG_ANALYZER_NONNULL = YES;
				CLANG_ANALYZER_NUMBER_OBJECT_CONVERSION = YES_AGGRESSIVE;
				CLANG_CXX_LANGUAGE_STANDARD = "gnu++14";
				CLANG_CXX_LIBRARY = "libc++";
				CLANG_ENABLE_MODULES = YES;
				CLANG_ENABLE_OBJC_ARC = YES;
				CLANG_WARN_BLOCK_CAPTURE_AUTORELEASING = YES;
				CLANG_WARN_BOOL_CONVERSION = YES;
				CLANG_WARN_COMMA = YES;
				CLANG_WARN_CONSTANT_CONVERSION = YES;
				CLANG_WARN_DIRECT_OBJC_ISA_USAGE = YES_ERROR;
				CLANG_WARN_DOCUMENTATION_COMMENTS = YES;
				CLANG_WARN_EMPTY_BODY = YES;
				CLANG_WARN_ENUM_CONVERSION = YES;
				CLANG_WARN_INFINITE_RECURSION = YES;
				CLANG_WARN_INT_CONVERSION = YES;
				CLANG_WARN_NON_LITERAL_NULL_CONVERSION = YES;
				CLANG_WARN_OBJC_LITERAL_CONVERSION = YES;
				CLANG_WARN_OBJC_ROOT_CLASS = YES_ERROR;
				CLANG_WARN_RANGE_LOOP_ANALYSIS = YES;
				CLANG_WARN_STRICT_PROTOTYPES = YES;
				CLANG_WARN_SUSPICIOUS_MOVE = YES;
				CLANG_WARN_UNGUARDED_AVAILABILITY = YES_AGGRESSIVE;
				CLANG_WARN_UNREACHABLE_CODE = YES;
				CLANG_WARN__DUPLICATE_METHOD_MATCH = YES;
				CODE_SIGN_IDENTITY = "iPhone Developer";
				COPY_PHASE_STRIP = NO;
				DEBUG_INFORMATION_FORMAT = "dwarf-with-dsym";
				ENABLE_NS_ASSERTIONS = NO;
				ENABLE_STRICT_OBJC_MSGSEND = YES;
				GCC_C_LANGUAGE_STANDARD = gnu11;
				GCC_NO_COMMON_BLOCKS = YES;
				GCC_WARN_64_TO_32_BIT_CONVERSION = YES;
				GCC_WARN_ABOUT_RETURN_TYPE = YES_ERROR;
				GCC_WARN_UNDECLARED_SELECTOR = YES;
				GCC_WARN_UNINITIALIZED_AUTOS = YES_AGGRESSIVE;
				GCC_WARN_UNUSED_FUNCTION = YES;
				GCC_WARN_UNUSED_VARIABLE = YES;
				IPHONEOS_DEPLOYMENT_TARGET = 11.1;
				MTL_ENABLE_DEBUG_INFO = NO;
				SDKROOT = iphoneos;
				SWIFT_OPTIMIZATION_LEVEL = "-Owholemodule";
				VALIDATE_PRODUCT = YES;
			};
			name = Release;
		};
		27332BBC1FD749A700D9E46D /* Debug */ = {
			isa = XCBuildConfiguration;
			baseConfigurationReference = A60BE99F2BFBDC6233540D85 /* Pods-Pictionary.debug.xcconfig */;
			buildSettings = {
				ASSETCATALOG_COMPILER_APPICON_NAME = AppIcon;
				CODE_SIGN_STYLE = Automatic;
				DEVELOPMENT_TEAM = M8MME6Q9DA;
				INFOPLIST_FILE = Pictionary/Info.plist;
				LD_RUNPATH_SEARCH_PATHS = "$(inherited) @executable_path/Frameworks";
				PRODUCT_BUNDLE_IDENTIFIER = com.paulherz.NotPictionary;
				PRODUCT_NAME = "$(TARGET_NAME)";
				SWIFT_VERSION = 4.0;
				TARGETED_DEVICE_FAMILY = "1,2";
			};
			name = Debug;
		};
		27332BBD1FD749A700D9E46D /* Release */ = {
			isa = XCBuildConfiguration;
			baseConfigurationReference = A6D706F07E4CAB3E90B7098A /* Pods-Pictionary.release.xcconfig */;
			buildSettings = {
				ASSETCATALOG_COMPILER_APPICON_NAME = AppIcon;
				CODE_SIGN_STYLE = Automatic;
				DEVELOPMENT_TEAM = M8MME6Q9DA;
				INFOPLIST_FILE = Pictionary/Info.plist;
				LD_RUNPATH_SEARCH_PATHS = "$(inherited) @executable_path/Frameworks";
				PRODUCT_BUNDLE_IDENTIFIER = com.paulherz.NotPictionary;
				PRODUCT_NAME = "$(TARGET_NAME)";
				SWIFT_VERSION = 4.0;
				TARGETED_DEVICE_FAMILY = "1,2";
			};
			name = Release;
		};
/* End XCBuildConfiguration section */

/* Begin XCConfigurationList section */
		27332BA41FD749A700D9E46D /* Build configuration list for PBXProject "Pictionary" */ = {
			isa = XCConfigurationList;
			buildConfigurations = (
				27332BB91FD749A700D9E46D /* Debug */,
				27332BBA1FD749A700D9E46D /* Release */,
			);
			defaultConfigurationIsVisible = 0;
			defaultConfigurationName = Release;
		};
		27332BBB1FD749A700D9E46D /* Build configuration list for PBXNativeTarget "Pictionary" */ = {
			isa = XCConfigurationList;
			buildConfigurations = (
				27332BBC1FD749A700D9E46D /* Debug */,
				27332BBD1FD749A700D9E46D /* Release */,
			);
			defaultConfigurationIsVisible = 0;
			defaultConfigurationName = Release;
		};
/* End XCConfigurationList section */
	};
	rootObject = 27332BA11FD749A700D9E46D /* Project object */;
}
